<?xml version="1.0" encoding="utf-8"?>
<Project ToolsVersion="4.0" xmlns="http://schemas.microsoft.com/developer/msbuild/2003">
  <ItemGroup>
    <Filter Include="Файлы ресурсов">
      <UniqueIdentifier>{67DA6AB6-F800-4c08-8B7A-83BB121AAD01}</UniqueIdentifier>
      <Extensions>rc;ico;cur;bmp;dlg;rc2;rct;bin;rgs;gif;jpg;jpeg;jpe;resx;tiff;tif;png;wav;mfcribbon-ms</Extensions>
    </Filter>
    <Filter Include="PackedIncludes">
      <UniqueIdentifier>{a1792357-d768-4079-ae18-7b2217fdb0fc}</UniqueIdentifier>
    </Filter>
    <Filter Include="Components">
      <UniqueIdentifier>{a3ad0c49-2314-4fa6-953b-e82af2d2bcc6}</UniqueIdentifier>
    </Filter>
    <Filter Include="Components\Collider">
      <UniqueIdentifier>{377d98f3-1bc9-44a9-871f-5b544ef0c2e8}</UniqueIdentifier>
    </Filter>
    <Filter Include="Components\Collider\Forms">
      <UniqueIdentifier>{58924b3a-8080-4752-80ce-d09116ed4563}</UniqueIdentifier>
    </Filter>
    <Filter Include="GameObjects">
      <UniqueIdentifier>{d645844b-4ae9-4f5f-ad4f-f24f6f9a307f}</UniqueIdentifier>
    </Filter>
    <Filter Include="GameObjects\SnakeTest">
      <UniqueIdentifier>{0c85a256-ff9d-489b-805f-53b8c5cb7fd8}</UniqueIdentifier>
    </Filter>
    <Filter Include="Managers">
      <UniqueIdentifier>{7e3b2717-160d-451d-8d53-354547213a7c}</UniqueIdentifier>
    </Filter>
    <Filter Include="Meta">
      <UniqueIdentifier>{8bee4404-dd86-4364-a0b0-57cb6b1f0035}</UniqueIdentifier>
    </Filter>
    <Filter Include="Modules">
      <UniqueIdentifier>{05936463-bce3-447f-8b4c-e94468b0962e}</UniqueIdentifier>
    </Filter>
    <Filter Include="Utilities">
      <UniqueIdentifier>{b75f7339-7655-4104-857e-feede02b2620}</UniqueIdentifier>
    </Filter>
    <Filter Include="Utilities\RandomGenerator">
      <UniqueIdentifier>{20d3ddfc-b6a3-454e-b2f2-7ccdbc53cc36}</UniqueIdentifier>
    </Filter>
    <Filter Include="Utilities\Point">
      <UniqueIdentifier>{d0e6e8db-4240-4034-b3d2-d17578e62280}</UniqueIdentifier>
    </Filter>
    <Filter Include="Utilities\Direction">
      <UniqueIdentifier>{afa7fe8f-b515-44dc-8e15-5e5068a9afac}</UniqueIdentifier>
    </Filter>
    <Filter Include="Utilities\Timer">
      <UniqueIdentifier>{cb4e561a-0710-44f9-b54d-a0de766f575a}</UniqueIdentifier>
    </Filter>
    <Filter Include="Utilities\Math">
      <UniqueIdentifier>{b1cc4d1a-a8ab-446a-bdee-a107fd926195}</UniqueIdentifier>
    </Filter>
    <Filter Include="Camera">
      <UniqueIdentifier>{87d85361-6521-42ba-a0e8-d85b5708c480}</UniqueIdentifier>
    </Filter>
  </ItemGroup>
  <ItemGroup>
    <ClCompile Include="Point.cpp">
      <Filter>Utilities\Point</Filter>
    </ClCompile>
    <ClCompile Include="Direction.cpp">
      <Filter>Utilities\Direction</Filter>
    </ClCompile>
    <ClCompile Include="RandomGenerator.cpp">
      <Filter>Utilities\RandomGenerator</Filter>
    </ClCompile>
    <ClCompile Include="Timer.cpp">
      <Filter>Utilities\Timer</Filter>
    </ClCompile>
    <ClCompile Include="GameObject.cpp">
      <Filter>GameObjects</Filter>
    </ClCompile>
    <ClCompile Include="Component.cpp">
      <Filter>Components</Filter>
    </ClCompile>
    <ClCompile Include="Transform.cpp">
      <Filter>Components</Filter>
    </ClCompile>
    <ClCompile Include="GameManager.cpp">
      <Filter>Managers</Filter>
    </ClCompile>
    <ClCompile Include="RenderManager.cpp">
      <Filter>Managers</Filter>
    </ClCompile>
    <ClCompile Include="Renderer.cpp">
      <Filter>Components</Filter>
    </ClCompile>
    <ClCompile Include="Collider.cpp">
      <Filter>Components\Collider</Filter>
    </ClCompile>
    <ClCompile Include="PhysicsQuad.cpp">
      <Filter>Components\Collider\Forms</Filter>
    </ClCompile>
    <ClCompile Include="PhysicsManager.cpp">
      <Filter>Managers</Filter>
    </ClCompile>
    <ClCompile Include="SnakeHead.cpp">
      <Filter>GameObjects\SnakeTest</Filter>
    </ClCompile>
    <ClCompile Include="SnakeTail.cpp">
      <Filter>GameObjects\SnakeTest</Filter>
    </ClCompile>
    <ClCompile Include="Apple.cpp">
      <Filter>GameObjects\SnakeTest</Filter>
    </ClCompile>
    <ClCompile Include="BaseScene.cpp">
      <Filter>Modules</Filter>
    </ClCompile>
    <ClCompile Include="MainScene.cpp">
      <Filter>Modules</Filter>
    </ClCompile>
    <ClCompile Include="Block.cpp">
      <Filter>GameObjects\SnakeTest</Filter>
    </ClCompile>
    <ClCompile Include="Saw.cpp">
      <Filter>GameObjects\SnakeTest</Filter>
    </ClCompile>
    <ClCompile Include="math.cpp">
      <Filter>Utilities\Math</Filter>
    </ClCompile>
    <ClCompile Include="main.cpp" />
    <ClCompile Include="Camera.cpp">
      <Filter>Camera</Filter>
    </ClCompile>
  </ItemGroup>
  <ItemGroup>
    <ClInclude Include="Point.h">
      <Filter>Utilities\Point</Filter>
    </ClInclude>
    <ClInclude Include="Direction.h">
      <Filter>Utilities\Direction</Filter>
    </ClInclude>
    <ClInclude Include="RandomGenerator.h">
      <Filter>Utilities\RandomGenerator</Filter>
    </ClInclude>
    <ClInclude Include="Timer.h">
      <Filter>Utilities\Timer</Filter>
    </ClInclude>
    <ClInclude Include="GameObject.h">
      <Filter>GameObjects</Filter>
    </ClInclude>
    <ClInclude Include="Component.h">
      <Filter>Components</Filter>
    </ClInclude>
    <ClInclude Include="Transform.h">
      <Filter>Components</Filter>
    </ClInclude>
    <ClInclude Include="GameManager.h">
      <Filter>Managers</Filter>
    </ClInclude>
    <ClInclude Include="RenderManager.h">
      <Filter>Managers</Filter>
    </ClInclude>
    <ClInclude Include="Renderer.h">
      <Filter>Components</Filter>
    </ClInclude>
    <ClInclude Include="CompReg.h">
      <Filter>Meta</Filter>
    </ClInclude>
    <ClInclude Include="Collider.h">
      <Filter>Components\Collider</Filter>
    </ClInclude>
    <ClInclude Include="PhysicsForm.h">
      <Filter>Components\Collider\Forms</Filter>
    </ClInclude>
    <ClInclude Include="PhysicsQuad.h">
      <Filter>Components\Collider\Forms</Filter>
    </ClInclude>
    <ClInclude Include="PhysicsManager.h">
      <Filter>Managers</Filter>
    </ClInclude>
    <ClInclude Include="SnakeHead.h">
      <Filter>GameObjects\SnakeTest</Filter>
    </ClInclude>
    <ClInclude Include="SnakeTail.h">
      <Filter>GameObjects\SnakeTest</Filter>
    </ClInclude>
    <ClInclude Include="Apple.h">
      <Filter>GameObjects\SnakeTest</Filter>
    </ClInclude>
    <ClInclude Include="BaseScene.h">
      <Filter>Modules</Filter>
    </ClInclude>
    <ClInclude Include="MainScene.h">
      <Filter>Modules</Filter>
    </ClInclude>
    <ClInclude Include="Block.h">
      <Filter>GameObjects\SnakeTest</Filter>
    </ClInclude>
    <ClInclude Include="Saw.h">
      <Filter>GameObjects\SnakeTest</Filter>
    </ClInclude>
    <ClInclude Include="math.h">
      <Filter>Utilities\Math</Filter>
    </ClInclude>
    <ClInclude Include="Camera.h">
      <Filter>Camera</Filter>
    </ClInclude>
  </ItemGroup>
</Project>